
Microsoft Visual Studio Solution File, Format Version 12.00
# Visual Studio 15
VisualStudioVersion = 15.0.28307.329
MinimumVisualStudioVersion = 10.0.40219.1
Project("{FAE04EC0-301F-11D3-BF4B-00C04F79EFBC}") = "Graphs", "Graphs\Graphs.csproj", "{B8DBEE35-7E69-4D5C-B565-A358D303C8B6}"
EndProject
Global
	GlobalSection(SolutionConfigurationPlatforms) = preSolution
		Debug|Any CPU = Debug|Any CPU
		Release|Any CPU = Release|Any CPU
	EndGlobalSection
	GlobalSection(ProjectConfigurationPlatforms) = postSolution
		{B8DBEE35-7E69-4D5C-B565-A358D303C8B6}.Debug|Any CPU.ActiveCfg = Debug|Any CPU
		{B8DBEE35-7E69-4D5C-B565-A358D303C8B6}.Debug|Any CPU.Build.0 = Debug|Any CPU
		{B8DBEE35-7E69-4D5C-B565-A358D303C8B6}.Release|Any CPU.ActiveCfg = Release|Any CPU
		{B8DBEE35-7E69-4D5C-B565-A358D303C8B6}.Release|Any CPU.Build.0 = Release|Any CPU
	EndGlobalSection
	GlobalSection(SolutionProperties) = preSolution
		HideSolutionNode = FALSE
	EndGlobalSection
	GlobalSection(ExtensibilityGlobals) = postSolution
		SolutionGuid = {26E85226-129A-445A-B691-99F76C84F508}
	EndGlobalSection
EndGlobal
